
Microsoft Visual Studio Solution File, Format Version 12.00
# Visual Studio Version 16
VisualStudioVersion = 16.0.29926.136
MinimumVisualStudioVersion = 10.0.40219.1
Project("{FAE04EC0-301F-11D3-BF4B-00C04F79EFBC}") = "QLBH_NHOM", "QLBH_NHOM\QLBH_NHOM.csproj", "{5514439A-E639-4D7A-83B4-53DF816CDBEE}"
EndProject
Global
	GlobalSection(SolutionConfigurationPlatforms) = preSolution
		Debug|Any CPU = Debug|Any CPU
		Release|Any CPU = Release|Any CPU
	EndGlobalSection
	GlobalSection(ProjectConfigurationPlatforms) = postSolution
		{5514439A-E639-4D7A-83B4-53DF816CDBEE}.Debug|Any CPU.ActiveCfg = Debug|Any CPU
		{5514439A-E639-4D7A-83B4-53DF816CDBEE}.Debug|Any CPU.Build.0 = Debug|Any CPU
		{5514439A-E639-4D7A-83B4-53DF816CDBEE}.Release|Any CPU.ActiveCfg = Release|Any CPU
		{5514439A-E639-4D7A-83B4-53DF816CDBEE}.Release|Any CPU.Build.0 = Release|Any CPU
	EndGlobalSection
	GlobalSection(SolutionProperties) = preSolution
		HideSolutionNode = FALSE
	EndGlobalSection
	GlobalSection(ExtensibilityGlobals) = postSolution
		SolutionGuid = {35385119-991B-4C47-8BFE-CF08BA3517F4}
	EndGlobalSection
EndGlobal
